
Microsoft Visual Studio Solution File, Format Version 11.00
# Visual Studio 2010
Project("{FAE04EC0-301F-11D3-BF4B-00C04F79EFBC}") = "Advanced-Technologies", "Assembly-CSharp-firstpass.csproj", "{8AE700EF-F8A0-D7B2-FBEF-5032FC15BF4A}"
EndProject
Project("{FAE04EC0-301F-11D3-BF4B-00C04F79EFBC}") = "Advanced-Technologies", "Assembly-CSharp.csproj", "{CCBAA880-C97D-D722-0790-BDA9E8165273}"
EndProject
Project("{FAE04EC0-301F-11D3-BF4B-00C04F79EFBC}") = "Advanced-Technologies", "Assembly-CSharp-Editor.csproj", "{13ADD054-A509-000D-FC98-15F9DA9A8FA4}"
EndProject
Global
	GlobalSection(SolutionConfigurationPlatforms) = preSolution
		Debug|Any CPU = Debug|Any CPU
		Release|Any CPU = Release|Any CPU
	EndGlobalSection
	GlobalSection(ProjectConfigurationPlatforms) = postSolution
		{8AE700EF-F8A0-D7B2-FBEF-5032FC15BF4A}.Debug|Any CPU.ActiveCfg = Debug|Any CPU
		{8AE700EF-F8A0-D7B2-FBEF-5032FC15BF4A}.Debug|Any CPU.Build.0 = Debug|Any CPU
		{8AE700EF-F8A0-D7B2-FBEF-5032FC15BF4A}.Release|Any CPU.ActiveCfg = Release|Any CPU
		{8AE700EF-F8A0-D7B2-FBEF-5032FC15BF4A}.Release|Any CPU.Build.0 = Release|Any CPU
		{CCBAA880-C97D-D722-0790-BDA9E8165273}.Debug|Any CPU.ActiveCfg = Debug|Any CPU
		{CCBAA880-C97D-D722-0790-BDA9E8165273}.Debug|Any CPU.Build.0 = Debug|Any CPU
		{CCBAA880-C97D-D722-0790-BDA9E8165273}.Release|Any CPU.ActiveCfg = Release|Any CPU
		{CCBAA880-C97D-D722-0790-BDA9E8165273}.Release|Any CPU.Build.0 = Release|Any CPU
		{13ADD054-A509-000D-FC98-15F9DA9A8FA4}.Debug|Any CPU.ActiveCfg = Debug|Any CPU
		{13ADD054-A509-000D-FC98-15F9DA9A8FA4}.Debug|Any CPU.Build.0 = Debug|Any CPU
		{13ADD054-A509-000D-FC98-15F9DA9A8FA4}.Release|Any CPU.ActiveCfg = Release|Any CPU
		{13ADD054-A509-000D-FC98-15F9DA9A8FA4}.Release|Any CPU.Build.0 = Release|Any CPU
	EndGlobalSection
	GlobalSection(SolutionProperties) = preSolution
		HideSolutionNode = FALSE
	EndGlobalSection
	GlobalSection(MonoDevelopProperties) = preSolution
		StartupItem = Assembly-CSharp.csproj
	EndGlobalSection
EndGlobal
