
Microsoft Visual Studio Solution File, Format Version 12.00
# Visual Studio 2015
Project("{FAE04EC0-301F-11D3-BF4B-00C04F79EFBC}") = "Advanced-Technologies.Plugins", "Advanced-Technologies.Plugins.csproj", "{6FEEAA84-EC1E-A610-99CE-213DA9F5611D}"
EndProject
Project("{FAE04EC0-301F-11D3-BF4B-00C04F79EFBC}") = "Advanced-Technologies", "Advanced-Technologies.csproj", "{9EDA0A07-17FF-D48B-FBDC-E53D2D3288A8}"
EndProject
Project("{FAE04EC0-301F-11D3-BF4B-00C04F79EFBC}") = "Advanced-Technologies.Editor", "Advanced-Technologies.Editor.csproj", "{C9059D78-2856-0DBC-3B0A-BF644C0119D8}"
EndProject
Global
	GlobalSection(SolutionConfigurationPlatforms) = preSolution
		Debug|Any CPU = Debug|Any CPU
		Release|Any CPU = Release|Any CPU
	EndGlobalSection
	GlobalSection(ProjectConfigurationPlatforms) = postSolution
		{6FEEAA84-EC1E-A610-99CE-213DA9F5611D}.Debug|Any CPU.ActiveCfg = Debug|Any CPU
		{6FEEAA84-EC1E-A610-99CE-213DA9F5611D}.Debug|Any CPU.Build.0 = Debug|Any CPU
		{6FEEAA84-EC1E-A610-99CE-213DA9F5611D}.Release|Any CPU.ActiveCfg = Release|Any CPU
		{6FEEAA84-EC1E-A610-99CE-213DA9F5611D}.Release|Any CPU.Build.0 = Release|Any CPU
		{9EDA0A07-17FF-D48B-FBDC-E53D2D3288A8}.Debug|Any CPU.ActiveCfg = Debug|Any CPU
		{9EDA0A07-17FF-D48B-FBDC-E53D2D3288A8}.Debug|Any CPU.Build.0 = Debug|Any CPU
		{9EDA0A07-17FF-D48B-FBDC-E53D2D3288A8}.Release|Any CPU.ActiveCfg = Release|Any CPU
		{9EDA0A07-17FF-D48B-FBDC-E53D2D3288A8}.Release|Any CPU.Build.0 = Release|Any CPU
		{C9059D78-2856-0DBC-3B0A-BF644C0119D8}.Debug|Any CPU.ActiveCfg = Debug|Any CPU
		{C9059D78-2856-0DBC-3B0A-BF644C0119D8}.Debug|Any CPU.Build.0 = Debug|Any CPU
		{C9059D78-2856-0DBC-3B0A-BF644C0119D8}.Release|Any CPU.ActiveCfg = Release|Any CPU
		{C9059D78-2856-0DBC-3B0A-BF644C0119D8}.Release|Any CPU.Build.0 = Release|Any CPU
	EndGlobalSection
	GlobalSection(SolutionProperties) = preSolution
		HideSolutionNode = FALSE
	EndGlobalSection
EndGlobal
